// !$*UTF8*$!
{
	archiveVersion = 1;
	classes = {
	};
	objectVersion = 50;
	objects = {

/* Begin PBXBuildFile section */
		DC07B6C026F79D3100180F80 /* MapView.swift in Sources */ = {isa = PBXBuildFile; fileRef = DC07B6BF26F79D3100180F80 /* MapView.swift */; };
		DC07B6C226F7D01E00180F80 /* Routes.swift in Sources */ = {isa = PBXBuildFile; fileRef = DC07B6C126F7D01E00180F80 /* Routes.swift */; };
		DC07B6C526F7E96E00180F80 /* Treasurs.swift in Sources */ = {isa = PBXBuildFile; fileRef = DC07B6C426F7E96E00180F80 /* Treasurs.swift */; };
		DC293F1226F2C97C0043ED8D /* VivariARApp.swift in Sources */ = {isa = PBXBuildFile; fileRef = DC293F1126F2C97C0043ED8D /* VivariARApp.swift */; };
		DC293F1426F2CB2D0043ED8D /* TreasurView.swift in Sources */ = {isa = PBXBuildFile; fileRef = DC293F1326F2CB2D0043ED8D /* TreasurView.swift */; };
		DC293F1626F2CB3E0043ED8D /* TreasurDetailView.swift in Sources */ = {isa = PBXBuildFile; fileRef = DC293F1526F2CB3E0043ED8D /* TreasurDetailView.swift */; };
		DC293F1826F2CB780043ED8D /* TreasurIcon.swift in Sources */ = {isa = PBXBuildFile; fileRef = DC293F1726F2CB780043ED8D /* TreasurIcon.swift */; };
		DC3CC43026F8E93C005024F3 /* TresureViewModel.swift in Sources */ = {isa = PBXBuildFile; fileRef = DC3CC42F26F8E93C005024F3 /* TresureViewModel.swift */; };
		DCA7940F26F26E8A00626DD8 /* StartView.swift in Sources */ = {isa = PBXBuildFile; fileRef = DCA7940E26F26E8A00626DD8 /* StartView.swift */; };
		DCE2C10926F103FE00F75BD3 /* ArView.swift in Sources */ = {isa = PBXBuildFile; fileRef = DCE2C10826F103FE00F75BD3 /* ArView.swift */; };
		DCE2C10B26F103FE00F75BD3 /* Experience.rcproject in Sources */ = {isa = PBXBuildFile; fileRef = DCE2C10A26F103FE00F75BD3 /* Experience.rcproject */; };
		DCE2C10D26F1040A00F75BD3 /* Assets.xcassets in Resources */ = {isa = PBXBuildFile; fileRef = DCE2C10C26F1040A00F75BD3 /* Assets.xcassets */; };
/* End PBXBuildFile section */

/* Begin PBXFileReference section */
		DC07B6BF26F79D3100180F80 /* MapView.swift */ = {isa = PBXFileReference; lastKnownFileType = sourcecode.swift; path = MapView.swift; sourceTree = "<group>"; };
		DC07B6C126F7D01E00180F80 /* Routes.swift */ = {isa = PBXFileReference; lastKnownFileType = sourcecode.swift; path = Routes.swift; sourceTree = "<group>"; };
		DC07B6C426F7E96E00180F80 /* Treasurs.swift */ = {isa = PBXFileReference; lastKnownFileType = sourcecode.swift; path = Treasurs.swift; sourceTree = "<group>"; };
		DC293F1126F2C97C0043ED8D /* VivariARApp.swift */ = {isa = PBXFileReference; lastKnownFileType = sourcecode.swift; path = VivariARApp.swift; sourceTree = "<group>"; };
		DC293F1326F2CB2D0043ED8D /* TreasurView.swift */ = {isa = PBXFileReference; lastKnownFileType = sourcecode.swift; path = TreasurView.swift; sourceTree = "<group>"; };
		DC293F1526F2CB3E0043ED8D /* TreasurDetailView.swift */ = {isa = PBXFileReference; lastKnownFileType = sourcecode.swift; path = TreasurDetailView.swift; sourceTree = "<group>"; };
		DC293F1726F2CB780043ED8D /* TreasurIcon.swift */ = {isa = PBXFileReference; lastKnownFileType = sourcecode.swift; path = TreasurIcon.swift; sourceTree = "<group>"; };
		DC3CC42F26F8E93C005024F3 /* TresureViewModel.swift */ = {isa = PBXFileReference; lastKnownFileType = sourcecode.swift; path = TresureViewModel.swift; sourceTree = "<group>"; };
		DCA7940E26F26E8A00626DD8 /* StartView.swift */ = {isa = PBXFileReference; lastKnownFileType = sourcecode.swift; path = StartView.swift; sourceTree = "<group>"; };
		DCE2C10326F103FE00F75BD3 /* VivariAR.app */ = {isa = PBXFileReference; explicitFileType = wrapper.application; includeInIndex = 0; path = VivariAR.app; sourceTree = BUILT_PRODUCTS_DIR; };
		DCE2C10826F103FE00F75BD3 /* ArView.swift */ = {isa = PBXFileReference; lastKnownFileType = sourcecode.swift; path = ArView.swift; sourceTree = "<group>"; };
		DCE2C10A26F103FE00F75BD3 /* Experience.rcproject */ = {isa = PBXFileReference; lastKnownFileType = file.rcproject; path = Experience.rcproject; sourceTree = "<group>"; };
		DCE2C10C26F1040A00F75BD3 /* Assets.xcassets */ = {isa = PBXFileReference; lastKnownFileType = folder.assetcatalog; path = Assets.xcassets; sourceTree = "<group>"; };
		DCE2C11126F1040A00F75BD3 /* Info.plist */ = {isa = PBXFileReference; lastKnownFileType = text.plist.xml; path = Info.plist; sourceTree = "<group>"; };
/* End PBXFileReference section */

/* Begin PBXFrameworksBuildPhase section */
		DCE2C10026F103FE00F75BD3 /* Frameworks */ = {
			isa = PBXFrameworksBuildPhase;
			buildActionMask = 2147483647;
			files = (
			);
			runOnlyForDeploymentPostprocessing = 0;
		};
/* End PBXFrameworksBuildPhase section */

/* Begin PBXGroup section */
		DC07B6C326F7D7C400180F80 /* Map */ = {
			isa = PBXGroup;
			children = (
				DC07B6C126F7D01E00180F80 /* Routes.swift */,
				DC07B6BF26F79D3100180F80 /* MapView.swift */,
			);
			path = Map;
			sourceTree = "<group>";
		};
		DC293F1926F2CBD40043ED8D /* treasur */ = {
			isa = PBXGroup;
			children = (
				DC07B6C426F7E96E00180F80 /* Treasurs.swift */,
				DC3CC42F26F8E93C005024F3 /* TresureViewModel.swift */,
				DC293F1326F2CB2D0043ED8D /* TreasurView.swift */,
				DC293F1526F2CB3E0043ED8D /* TreasurDetailView.swift */,
				DC293F1726F2CB780043ED8D /* TreasurIcon.swift */,
			);
			path = treasur;
			sourceTree = "<group>";
		};
		DCE2C0FA26F103FD00F75BD3 = {
			isa = PBXGroup;
			children = (
				DCE2C10526F103FE00F75BD3 /* VivariAR */,
				DCE2C10426F103FE00F75BD3 /* Products */,
			);
			sourceTree = "<group>";
		};
		DCE2C10426F103FE00F75BD3 /* Products */ = {
			isa = PBXGroup;
			children = (
				DCE2C10326F103FE00F75BD3 /* VivariAR.app */,
			);
			name = Products;
			sourceTree = "<group>";
		};
		DCE2C10526F103FE00F75BD3 /* VivariAR */ = {
			isa = PBXGroup;
			children = (
				DC293F1126F2C97C0043ED8D /* VivariARApp.swift */,
				DCA7940E26F26E8A00626DD8 /* StartView.swift */,
				DC07B6C326F7D7C400180F80 /* Map */,
				DCE2C10826F103FE00F75BD3 /* ArView.swift */,
				DC293F1926F2CBD40043ED8D /* treasur */,
				DCE2C10A26F103FE00F75BD3 /* Experience.rcproject */,
				DCE2C10C26F1040A00F75BD3 /* Assets.xcassets */,
				DCE2C11126F1040A00F75BD3 /* Info.plist */,
			);
			path = VivariAR;
			sourceTree = "<group>";
		};
/* End PBXGroup section */

/* Begin PBXNativeTarget section */
		DCE2C10226F103FE00F75BD3 /* VivariAR */ = {
			isa = PBXNativeTarget;
			buildConfigurationList = DCE2C12A26F1040C00F75BD3 /* Build configuration list for PBXNativeTarget "VivariAR" */;
			buildPhases = (
				DCE2C0FF26F103FE00F75BD3 /* Sources */,
				DCE2C10026F103FE00F75BD3 /* Frameworks */,
				DCE2C10126F103FE00F75BD3 /* Resources */,
			);
			buildRules = (
			);
			dependencies = (
			);
			name = VivariAR;
			productName = VivariAR;
			productReference = DCE2C10326F103FE00F75BD3 /* VivariAR.app */;
			productType = "com.apple.product-type.application";
		};
/* End PBXNativeTarget section */

/* Begin PBXProject section */
		DCE2C0FB26F103FD00F75BD3 /* Project object */ = {
			isa = PBXProject;
			attributes = {
				LastSwiftUpdateCheck = 1250;
				LastUpgradeCheck = 1250;
				TargetAttributes = {
					DCE2C10226F103FE00F75BD3 = {
						CreatedOnToolsVersion = 12.5.1;
					};
				};
			};
			buildConfigurationList = DCE2C0FE26F103FD00F75BD3 /* Build configuration list for PBXProject "VivariAR" */;
			compatibilityVersion = "Xcode 9.3";
			developmentRegion = en;
			hasScannedForEncodings = 0;
			knownRegions = (
				en,
				Base,
			);
			mainGroup = DCE2C0FA26F103FD00F75BD3;
			productRefGroup = DCE2C10426F103FE00F75BD3 /* Products */;
			projectDirPath = "";
			projectRoot = "";
			targets = (
				DCE2C10226F103FE00F75BD3 /* VivariAR */,
			);
		};
/* End PBXProject section */

/* Begin PBXResourcesBuildPhase section */
		DCE2C10126F103FE00F75BD3 /* Resources */ = {
			isa = PBXResourcesBuildPhase;
			buildActionMask = 2147483647;
			files = (
				DCE2C10D26F1040A00F75BD3 /* Assets.xcassets in Resources */,
			);
			runOnlyForDeploymentPostprocessing = 0;
		};
/* End PBXResourcesBuildPhase section */

/* Begin PBXSourcesBuildPhase section */
		DCE2C0FF26F103FE00F75BD3 /* Sources */ = {
			isa = PBXSourcesBuildPhase;
			buildActionMask = 2147483647;
			files = (
				DCE2C10926F103FE00F75BD3 /* ArView.swift in Sources */,
				DC3CC43026F8E93C005024F3 /* TresureViewModel.swift in Sources */,
				DC07B6C026F79D3100180F80 /* MapView.swift in Sources */,
				DCA7940F26F26E8A00626DD8 /* StartView.swift in Sources */,
				DC293F1426F2CB2D0043ED8D /* TreasurView.swift in Sources */,
				DC07B6C226F7D01E00180F80 /* Routes.swift in Sources */,
				DC07B6C526F7E96E00180F80 /* Treasurs.swift in Sources */,
				DC293F1826F2CB780043ED8D /* TreasurIcon.swift in Sources */,
				DC293F1226F2C97C0043ED8D /* VivariARApp.swift in Sources */,
				DC293F1626F2CB3E0043ED8D /* TreasurDetailView.swift in Sources */,
				DCE2C10B26F103FE00F75BD3 /* Experience.rcproject in Sources */,
			);
			runOnlyForDeploymentPostprocessing = 0;
		};
/* End PBXSourcesBuildPhase section */

/* Begin XCBuildConfiguration section */
		DCE2C12826F1040C00F75BD3 /* Debug */ = {
			isa = XCBuildConfiguration;
			buildSettings = {
				ALWAYS_SEARCH_USER_PATHS = NO;
				CLANG_ANALYZER_NONNULL = YES;
				CLANG_ANALYZER_NUMBER_OBJECT_CONVERSION = YES_AGGRESSIVE;
				CLANG_CXX_LANGUAGE_STANDARD = "gnu++14";
				CLANG_CXX_LIBRARY = "libc++";
				CLANG_ENABLE_MODULES = YES;
				CLANG_ENABLE_OBJC_ARC = YES;
				CLANG_ENABLE_OBJC_WEAK = YES;
				CLANG_WARN_BLOCK_CAPTURE_AUTORELEASING = YES;
				CLANG_WARN_BOOL_CONVERSION = YES;
				CLANG_WARN_COMMA = YES;
				CLANG_WARN_CONSTANT_CONVERSION = YES;
				CLANG_WARN_DEPRECATED_OBJC_IMPLEMENTATIONS = YES;
				CLANG_WARN_DIRECT_OBJC_ISA_USAGE = YES_ERROR;
				CLANG_WARN_DOCUMENTATION_COMMENTS = YES;
				CLANG_WARN_EMPTY_BODY = YES;
				CLANG_WARN_ENUM_CONVERSION = YES;
				CLANG_WARN_INFINITE_RECURSION = YES;
				CLANG_WARN_INT_CONVERSION = YES;
				CLANG_WARN_NON_LITERAL_NULL_CONVERSION = YES;
				CLANG_WARN_OBJC_IMPLICIT_RETAIN_SELF = YES;
				CLANG_WARN_OBJC_LITERAL_CONVERSION = YES;
				CLANG_WARN_OBJC_ROOT_CLASS = YES_ERROR;
				CLANG_WARN_QUOTED_INCLUDE_IN_FRAMEWORK_HEADER = YES;
				CLANG_WARN_RANGE_LOOP_ANALYSIS = YES;
				CLANG_WARN_STRICT_PROTOTYPES = YES;
				CLANG_WARN_SUSPICIOUS_MOVE = YES;
				CLANG_WARN_UNGUARDED_AVAILABILITY = YES_AGGRESSIVE;
				CLANG_WARN_UNREACHABLE_CODE = YES;
				CLANG_WARN__DUPLICATE_METHOD_MATCH = YES;
				COPY_PHASE_STRIP = NO;
				DEBUG_INFORMATION_FORMAT = dwarf;
				ENABLE_STRICT_OBJC_MSGSEND = YES;
				ENABLE_TESTABILITY = YES;
				GCC_C_LANGUAGE_STANDARD = gnu11;
				GCC_DYNAMIC_NO_PIC = NO;
				GCC_NO_COMMON_BLOCKS = YES;
				GCC_OPTIMIZATION_LEVEL = 0;
				GCC_PREPROCESSOR_DEFINITIONS = (
					"DEBUG=1",
					"$(inherited)",
				);
				GCC_WARN_64_TO_32_BIT_CONVERSION = YES;
				GCC_WARN_ABOUT_RETURN_TYPE = YES_ERROR;
				GCC_WARN_UNDECLARED_SELECTOR = YES;
				GCC_WARN_UNINITIALIZED_AUTOS = YES_AGGRESSIVE;
				GCC_WARN_UNUSED_FUNCTION = YES;
				GCC_WARN_UNUSED_VARIABLE = YES;
				IPHONEOS_DEPLOYMENT_TARGET = 14.5;
				MTL_ENABLE_DEBUG_INFO = INCLUDE_SOURCE;
				MTL_FAST_MATH = YES;
				ONLY_ACTIVE_ARCH = YES;
				SDKROOT = iphoneos;
				SWIFT_ACTIVE_COMPILATION_CONDITIONS = DEBUG;
				SWIFT_OPTIMIZATION_LEVEL = "-Onone";
			};
			name = Debug;
		};
		DCE2C12926F1040C00F75BD3 /* Release */ = {
			isa = XCBuildConfiguration;
			buildSettings = {
				ALWAYS_SEARCH_USER_PATHS = NO;
				CLANG_ANALYZER_NONNULL = YES;
				CLANG_ANALYZER_NUMBER_OBJECT_CONVERSION = YES_AGGRESSIVE;
				CLANG_CXX_LANGUAGE_STANDARD = "gnu++14";
				CLANG_CXX_LIBRARY = "libc++";
				CLANG_ENABLE_MODULES = YES;
				CLANG_ENABLE_OBJC_ARC = YES;
				CLANG_ENABLE_OBJC_WEAK = YES;
				CLANG_WARN_BLOCK_CAPTURE_AUTORELEASING = YES;
				CLANG_WARN_BOOL_CONVERSION = YES;
				CLANG_WARN_COMMA = YES;
				CLANG_WARN_CONSTANT_CONVERSION = YES;
				CLANG_WARN_DEPRECATED_OBJC_IMPLEMENTATIONS = YES;
				CLANG_WARN_DIRECT_OBJC_ISA_USAGE = YES_ERROR;
				CLANG_WARN_DOCUMENTATION_COMMENTS = YES;
				CLANG_WARN_EMPTY_BODY = YES;
				CLANG_WARN_ENUM_CONVERSION = YES;
				CLANG_WARN_INFINITE_RECURSION = YES;
				CLANG_WARN_INT_CONVERSION = YES;
				CLANG_WARN_NON_LITERAL_NULL_CONVERSION = YES;
				CLANG_WARN_OBJC_IMPLICIT_RETAIN_SELF = YES;
				CLANG_WARN_OBJC_LITERAL_CONVERSION = YES;
				CLANG_WARN_OBJC_ROOT_CLASS = YES_ERROR;
				CLANG_WARN_QUOTED_INCLUDE_IN_FRAMEWORK_HEADER = YES;
				CLANG_WARN_RANGE_LOOP_ANALYSIS = YES;
				CLANG_WARN_STRICT_PROTOTYPES = YES;
				CLANG_WARN_SUSPICIOUS_MOVE = YES;
				CLANG_WARN_UNGUARDED_AVAILABILITY = YES_AGGRESSIVE;
				CLANG_WARN_UNREACHABLE_CODE = YES;
				CLANG_WARN__DUPLICATE_METHOD_MATCH = YES;
				COPY_PHASE_STRIP = NO;
				DEBUG_INFORMATION_FORMAT = "dwarf-with-dsym";
				ENABLE_NS_ASSERTIONS = NO;
				ENABLE_STRICT_OBJC_MSGSEND = YES;
				GCC_C_LANGUAGE_STANDARD = gnu11;
				GCC_NO_COMMON_BLOCKS = YES;
				GCC_WARN_64_TO_32_BIT_CONVERSION = YES;
				GCC_WARN_ABOUT_RETURN_TYPE = YES_ERROR;
				GCC_WARN_UNDECLARED_SELECTOR = YES;
				GCC_WARN_UNINITIALIZED_AUTOS = YES_AGGRESSIVE;
				GCC_WARN_UNUSED_FUNCTION = YES;
				GCC_WARN_UNUSED_VARIABLE = YES;
				IPHONEOS_DEPLOYMENT_TARGET = 14.5;
				MTL_ENABLE_DEBUG_INFO = NO;
				MTL_FAST_MATH = YES;
				SDKROOT = iphoneos;
				SWIFT_COMPILATION_MODE = wholemodule;
				SWIFT_OPTIMIZATION_LEVEL = "-O";
				VALIDATE_PRODUCT = YES;
			};
			name = Release;
		};
		DCE2C12B26F1040C00F75BD3 /* Debug */ = {
			isa = XCBuildConfiguration;
			buildSettings = {
				ASSETCATALOG_COMPILER_APPICON_NAME = AppIcon;
				ASSETCATALOG_COMPILER_GLOBAL_ACCENT_COLOR_NAME = AccentColor;
				CODE_SIGN_STYLE = Automatic;
				DEVELOPMENT_ASSET_PATHS = "\"VivariAR/Preview Content\"";
				DEVELOPMENT_TEAM = FTQJ652C7F;
				ENABLE_PREVIEWS = YES;
				INFOPLIST_FILE = VivariAR/Info.plist;
				LD_RUNPATH_SEARCH_PATHS = (
					"$(inherited)",
					"@executable_path/Frameworks",
				);
				PRODUCT_BUNDLE_IDENTIFIER = com.felixmedia.VivariAR;
				PRODUCT_NAME = "$(TARGET_NAME)";
				SWIFT_VERSION = 5.0;
				TARGETED_DEVICE_FAMILY = "1,2";
			};
			name = Debug;
		};
		DCE2C12C26F1040C00F75BD3 /* Release */ = {
			isa = XCBuildConfiguration;
			buildSettings = {
				ASSETCATALOG_COMPILER_APPICON_NAME = AppIcon;
				ASSETCATALOG_COMPILER_GLOBAL_ACCENT_COLOR_NAME = AccentColor;
				CODE_SIGN_STYLE = Automatic;
				DEVELOPMENT_ASSET_PATHS = "\"VivariAR/Preview Content\"";
				DEVELOPMENT_TEAM = FTQJ652C7F;
				ENABLE_PREVIEWS = YES;
				INFOPLIST_FILE = VivariAR/Info.plist;
				LD_RUNPATH_SEARCH_PATHS = (
					"$(inherited)",
					"@executable_path/Frameworks",
				);
				PRODUCT_BUNDLE_IDENTIFIER = com.felixmedia.VivariAR;
				PRODUCT_NAME = "$(TARGET_NAME)";
				SWIFT_VERSION = 5.0;
				TARGETED_DEVICE_FAMILY = "1,2";
			};
			name = Release;
		};
/* End XCBuildConfiguration section */

/* Begin XCConfigurationList section */
		DCE2C0FE26F103FD00F75BD3 /* Build configuration list for PBXProject "VivariAR" */ = {
			isa = XCConfigurationList;
			buildConfigurations = (
				DCE2C12826F1040C00F75BD3 /* Debug */,
				DCE2C12926F1040C00F75BD3 /* Release */,
			);
			defaultConfigurationIsVisible = 0;
			defaultConfigurationName = Release;
		};
		DCE2C12A26F1040C00F75BD3 /* Build configuration list for PBXNativeTarget "VivariAR" */ = {
			isa = XCConfigurationList;
			buildConfigurations = (
				DCE2C12B26F1040C00F75BD3 /* Debug */,
				DCE2C12C26F1040C00F75BD3 /* Release */,
			);
			defaultConfigurationIsVisible = 0;
			defaultConfigurationName = Release;
		};
/* End XCConfigurationList section */
	};
	rootObject = DCE2C0FB26F103FD00F75BD3 /* Project object */;
}
